
Microsoft Visual Studio Solution File, Format Version 12.00
# Visual Studio Version 17
VisualStudioVersion = 17.13.35931.197 d17.13
MinimumVisualStudioVersion = 10.0.40219.1
Project("{888888A0-9F3D-457C-B088-3A5042F75D52}") = "MovieGuidePart1", "MovieGuidePart1.pyproj", "{C11036C9-59B5-404D-BC83-04E85026AE53}"
EndProject
Global
	GlobalSection(SolutionConfigurationPlatforms) = preSolution
		Debug|Any CPU = Debug|Any CPU
		Release|Any CPU = Release|Any CPU
	EndGlobalSection
	GlobalSection(ProjectConfigurationPlatforms) = postSolution
		{C11036C9-59B5-404D-BC83-04E85026AE53}.Debug|Any CPU.ActiveCfg = Debug|Any CPU
		{C11036C9-59B5-404D-BC83-04E85026AE53}.Release|Any CPU.ActiveCfg = Release|Any CPU
	EndGlobalSection
	GlobalSection(SolutionProperties) = preSolution
		HideSolutionNode = FALSE
	EndGlobalSection
	GlobalSection(ExtensibilityGlobals) = postSolution
		SolutionGuid = {53286FA0-13AC-4ED6-B0A4-6FEBC891440A}
	EndGlobalSection
EndGlobal
